
Microsoft Visual Studio Solution File, Format Version 12.00
# Visual Studio Version 16
VisualStudioVersion = 16.0.29009.5
MinimumVisualStudioVersion = 10.0.40219.1
Project("{FAE04EC0-301F-11D3-BF4B-00C04F79EFBC}") = "CourseLibrary.API", "CourseLibrary.API\CourseLibrary.API.csproj", "{2900C008-F2EC-4A0D-8074-F47EB9F84036}"
EndProject
Global
	GlobalSection(SolutionConfigurationPlatforms) = preSolution
		Debug|Any CPU = Debug|Any CPU
		Release|Any CPU = Release|Any CPU
	EndGlobalSection
	GlobalSection(ProjectConfigurationPlatforms) = postSolution
		{2900C008-F2EC-4A0D-8074-F47EB9F84036}.Debug|Any CPU.ActiveCfg = Debug|Any CPU
		{2900C008-F2EC-4A0D-8074-F47EB9F84036}.Debug|Any CPU.Build.0 = Debug|Any CPU
		{2900C008-F2EC-4A0D-8074-F47EB9F84036}.Release|Any CPU.ActiveCfg = Release|Any CPU
		{2900C008-F2EC-4A0D-8074-F47EB9F84036}.Release|Any CPU.Build.0 = Release|Any CPU
	EndGlobalSection
	GlobalSection(SolutionProperties) = preSolution
		HideSolutionNode = FALSE
	EndGlobalSection
	GlobalSection(ExtensibilityGlobals) = postSolution
		SolutionGuid = {08E0F198-B49E-42B9-9DB8-20DD2062C0CA}
	EndGlobalSection
EndGlobal
